
Microsoft Visual Studio Solution File, Format Version 12.00
# Visual Studio 2012
Project("{FAE04EC0-301F-11D3-BF4B-00C04F79EFBC}") = "CSharpIntermediate_Classes", "CSharpIntermediate_Classes\CSharpIntermediate_Classes.csproj", "{9FD604B8-8257-4701-B73F-9AC8F2B74A1B}"
EndProject
Project("{FAE04EC0-301F-11D3-BF4B-00C04F79EFBC}") = "CSharpIntermediate_AssociationBetweenClasses", "CSharpIntermediate_AssociationBetweenClasses\CSharpIntermediate_AssociationBetweenClasses.csproj", "{36F24FE2-8BF8-4C88-8984-9F54D6B86CEB}"
EndProject
Project("{FAE04EC0-301F-11D3-BF4B-00C04F79EFBC}") = "CSharpIntermediate_Inheritance", "CSharpIntermediate_Inheritance\CSharpIntermediate_Inheritance.csproj", "{9DC23B03-CC29-470E-9728-3A2A79442905}"
EndProject
Project("{FAE04EC0-301F-11D3-BF4B-00C04F79EFBC}") = "CSharpIntermediate_Inheritance_Internal", "CSharpIntermediate_Inheritance_Internal\CSharpIntermediate_Inheritance_Internal.csproj", "{0BFFD005-85DE-45E1-9693-B4E1A7CDBCF7}"
EndProject
Project("{FAE04EC0-301F-11D3-BF4B-00C04F79EFBC}") = "CSharpIntermediate_Polymorphism", "CSharpIntermediate_Polymorphism\CSharpIntermediate_Polymorphism.csproj", "{97AA803F-806A-4ACB-AE07-333D4579EE50}"
EndProject
Project("{FAE04EC0-301F-11D3-BF4B-00C04F79EFBC}") = "CSharpIntermediate_Interfaces", "CSharpIntermediate_Interfaces\CSharpIntermediate_Interfaces.csproj", "{2E0C5B92-7453-43D6-A4A0-3CF78394F806}"
EndProject
Project("{FAE04EC0-301F-11D3-BF4B-00C04F79EFBC}") = "CSharpIntermediate_Interfaces_UnitTests", "CSharpIntermediate_Interfaces_UnitTests\CSharpIntermediate_Interfaces_UnitTests.csproj", "{EC207C6D-6CC7-4D8F-8F19-DBED1D45761A}"
EndProject
Global
	GlobalSection(SolutionConfigurationPlatforms) = preSolution
		Debug|x86 = Debug|x86
		Release|x86 = Release|x86
	EndGlobalSection
	GlobalSection(ProjectConfigurationPlatforms) = postSolution
		{9FD604B8-8257-4701-B73F-9AC8F2B74A1B}.Debug|x86.ActiveCfg = Debug|x86
		{9FD604B8-8257-4701-B73F-9AC8F2B74A1B}.Debug|x86.Build.0 = Debug|x86
		{9FD604B8-8257-4701-B73F-9AC8F2B74A1B}.Release|x86.ActiveCfg = Release|x86
		{9FD604B8-8257-4701-B73F-9AC8F2B74A1B}.Release|x86.Build.0 = Release|x86
		{36F24FE2-8BF8-4C88-8984-9F54D6B86CEB}.Debug|x86.ActiveCfg = Debug|x86
		{36F24FE2-8BF8-4C88-8984-9F54D6B86CEB}.Debug|x86.Build.0 = Debug|x86
		{36F24FE2-8BF8-4C88-8984-9F54D6B86CEB}.Release|x86.ActiveCfg = Release|x86
		{36F24FE2-8BF8-4C88-8984-9F54D6B86CEB}.Release|x86.Build.0 = Release|x86
		{9DC23B03-CC29-470E-9728-3A2A79442905}.Debug|x86.ActiveCfg = Debug|x86
		{9DC23B03-CC29-470E-9728-3A2A79442905}.Debug|x86.Build.0 = Debug|x86
		{9DC23B03-CC29-470E-9728-3A2A79442905}.Release|x86.ActiveCfg = Release|x86
		{9DC23B03-CC29-470E-9728-3A2A79442905}.Release|x86.Build.0 = Release|x86
		{0BFFD005-85DE-45E1-9693-B4E1A7CDBCF7}.Debug|x86.ActiveCfg = Debug|Any CPU
		{0BFFD005-85DE-45E1-9693-B4E1A7CDBCF7}.Debug|x86.Build.0 = Debug|Any CPU
		{0BFFD005-85DE-45E1-9693-B4E1A7CDBCF7}.Release|x86.ActiveCfg = Release|Any CPU
		{0BFFD005-85DE-45E1-9693-B4E1A7CDBCF7}.Release|x86.Build.0 = Release|Any CPU
		{97AA803F-806A-4ACB-AE07-333D4579EE50}.Debug|x86.ActiveCfg = Debug|x86
		{97AA803F-806A-4ACB-AE07-333D4579EE50}.Debug|x86.Build.0 = Debug|x86
		{97AA803F-806A-4ACB-AE07-333D4579EE50}.Release|x86.ActiveCfg = Release|x86
		{97AA803F-806A-4ACB-AE07-333D4579EE50}.Release|x86.Build.0 = Release|x86
		{2E0C5B92-7453-43D6-A4A0-3CF78394F806}.Debug|x86.ActiveCfg = Debug|x86
		{2E0C5B92-7453-43D6-A4A0-3CF78394F806}.Debug|x86.Build.0 = Debug|x86
		{2E0C5B92-7453-43D6-A4A0-3CF78394F806}.Release|x86.ActiveCfg = Release|x86
		{2E0C5B92-7453-43D6-A4A0-3CF78394F806}.Release|x86.Build.0 = Release|x86
		{EC207C6D-6CC7-4D8F-8F19-DBED1D45761A}.Debug|x86.ActiveCfg = Debug|Any CPU
		{EC207C6D-6CC7-4D8F-8F19-DBED1D45761A}.Debug|x86.Build.0 = Debug|Any CPU
		{EC207C6D-6CC7-4D8F-8F19-DBED1D45761A}.Release|x86.ActiveCfg = Release|Any CPU
		{EC207C6D-6CC7-4D8F-8F19-DBED1D45761A}.Release|x86.Build.0 = Release|Any CPU
	EndGlobalSection
EndGlobal
